<?xml version="1.0" encoding="utf-8"?>
<Project ToolsVersion="4.0" xmlns="http://schemas.microsoft.com/developer/msbuild/2003">
  <ItemGroup>
    <Filter Include="Fichiers sources">
      <UniqueIdentifier>{4FC737F1-C7A5-4376-A066-2A32D752A2FF}</UniqueIdentifier>
      <Extensions>cpp;c;cc;cxx;def;odl;idl;hpj;bat;asm;asmx</Extensions>
    </Filter>
    <Filter Include="Fichiers d%27en-tête">
      <UniqueIdentifier>{93995380-89BD-4b04-88EB-625FBE52EBFB}</UniqueIdentifier>
      <Extensions>h;hh;hpp;hxx;hm;inl;inc;xsd</Extensions>
    </Filter>
    <Filter Include="Fichiers de ressources">
      <UniqueIdentifier>{67DA6AB6-F800-4c08-8B7A-83BB121AAD01}</UniqueIdentifier>
      <Extensions>rc;ico;cur;bmp;dlg;rc2;rct;bin;rgs;gif;jpg;jpeg;jpe;resx;tiff;tif;png;wav;mfcribbon-ms</Extensions>
    </Filter>
    <Filter Include="Fichiers sources\metier">
      <UniqueIdentifier>{3e558b1b-ad14-4212-b07f-0b33a88412f7}</UniqueIdentifier>
    </Filter>
    <Filter Include="Fichiers sources\metier\modele">
      <UniqueIdentifier>{bb89e397-d3b4-4f7e-bc88-bb8729349797}</UniqueIdentifier>
    </Filter>
    <Filter Include="Fichiers sources\metier\services">
      <UniqueIdentifier>{9060821b-3bf2-4f9d-b83e-c18ac63d7177}</UniqueIdentifier>
    </Filter>
    <Filter Include="Fichiers sources\DA">
      <UniqueIdentifier>{c3173080-96fb-449d-8192-fea33c6b6ae1}</UniqueIdentifier>
    </Filter>
  </ItemGroup>
  <ItemGroup>
    <Text Include="ReadMe.txt" />
  </ItemGroup>
  <ItemGroup>
    <ClInclude Include="stdafx.h">
      <Filter>Fichiers d%27en-tête</Filter>
    </ClInclude>
    <ClInclude Include="targetver.h">
      <Filter>Fichiers d%27en-tête</Filter>
    </ClInclude>
    <ClInclude Include="Patient.h">
      <Filter>Fichiers d%27en-tête</Filter>
    </ClInclude>
    <ClInclude Include="resource.h">
      <Filter>Fichiers d%27en-tête</Filter>
    </ClInclude>
    <ClInclude Include="Medecin.h">
      <Filter>Fichiers d%27en-tête</Filter>
    </ClInclude>
    <ClInclude Include="Analyse.h">
      <Filter>Fichiers d%27en-tête</Filter>
    </ClInclude>
    <ClInclude Include="Entreprise.h">
      <Filter>Fichiers d%27en-tête</Filter>
    </ClInclude>
    <ClInclude Include="Serveur.h">
      <Filter>Fichiers d%27en-tête</Filter>
    </ClInclude>
    <ClInclude Include="Maladie.h">
      <Filter>Fichiers d%27en-tête</Filter>
    </ClInclude>
  </ItemGroup>
  <ItemGroup>
    <ClCompile Include="stdafx.cpp">
      <Filter>Fichiers sources</Filter>
    </ClCompile>
    <ClCompile Include="Patient.cpp">
      <Filter>Fichiers sources\metier\modele</Filter>
    </ClCompile>
    <ClCompile Include="ServicesMetier.cpp">
      <Filter>Fichiers sources\metier\services</Filter>
    </ClCompile>
    <ClCompile Include="Medecin.cpp">
      <Filter>Fichiers sources\metier\modele</Filter>
    </ClCompile>
    <ClCompile Include="Analyse.cpp">
      <Filter>Fichiers sources\metier\modele</Filter>
    </ClCompile>
    <ClCompile Include="PatientDA.cpp">
      <Filter>Fichiers sources\DA</Filter>
    </ClCompile>
    <ClCompile Include="ClientMain.cpp">
      <Filter>Fichiers sources</Filter>
    </ClCompile>
    <ClCompile Include="Entreprise.cpp">
      <Filter>Fichiers sources\metier\modele</Filter>
    </ClCompile>
    <ClCompile Include="MedecinDA.cpp">
      <Filter>Fichiers sources\DA</Filter>
    </ClCompile>
    <ClCompile Include="Serveur.cpp">
      <Filter>Fichiers sources\metier\modele</Filter>
    </ClCompile>
    <ClCompile Include="Maladie.cpp">
      <Filter>Fichiers sources\metier\modele</Filter>
    </ClCompile>
    <ClCompile Include="MaladieDA.cpp">
      <Filter>Fichiers sources\DA</Filter>
    </ClCompile>
    <ClCompile Include="EntrepriseDA.cpp">
      <Filter>Fichiers sources\DA</Filter>
    </ClCompile>
    <ClCompile Include="AnalyseDA.cpp">
      <Filter>Fichiers sources\DA</Filter>
    </ClCompile>
    <ClCompile Include="ServeurDA.cpp">
      <Filter>Fichiers sources\DA</Filter>
    </ClCompile>
    <ClCompile Include="ClientMedecin.cpp">
      <Filter>Fichiers sources</Filter>
    </ClCompile>
    <ClCompile Include="ClientEntreprise.cpp">
      <Filter>Fichiers sources</Filter>
    </ClCompile>
  </ItemGroup>
  <ItemGroup>
    <ResourceCompile Include="MaladIF_Client.rc">
      <Filter>Fichiers de ressources</Filter>
    </ResourceCompile>
  </ItemGroup>
</Project>