<?xml version="1.0" encoding="utf-8"?>
<Project ToolsVersion="4.0" xmlns="http://schemas.microsoft.com/developer/msbuild/2003">
  <ItemGroup>
    <Filter Include="Fichiers de ressources">
      <UniqueIdentifier>{67DA6AB6-F800-4c08-8B7A-83BB121AAD01}</UniqueIdentifier>
      <Extensions>rc;ico;cur;bmp;dlg;rc2;rct;bin;rgs;gif;jpg;jpeg;jpe;resx;tiff;tif;png;wav;mfcribbon-ms</Extensions>
    </Filter>
    <Filter Include="Model">
      <UniqueIdentifier>{a7c8df58-4c28-4059-97b2-5874f2a12626}</UniqueIdentifier>
    </Filter>
    <Filter Include="Service">
      <UniqueIdentifier>{b1247d2f-f3b1-4196-bf0f-8a606d535316}</UniqueIdentifier>
    </Filter>
    <Filter Include="Interface">
      <UniqueIdentifier>{6c0c27c0-5bea-42b4-abc4-433aa56ae932}</UniqueIdentifier>
    </Filter>
    <Filter Include="Utility">
      <UniqueIdentifier>{4FC737F1-C7A5-4376-A066-2A32D752A2FF}</UniqueIdentifier>
      <Extensions>cpp;c;cc;cxx;def;odl;idl;hpj;bat;asm;asmx</Extensions>
    </Filter>
    <Filter Include="Network">
      <UniqueIdentifier>{5ffc1049-d374-4e04-b99d-9930e513c5fa}</UniqueIdentifier>
    </Filter>
    <Filter Include="DataAccess">
      <UniqueIdentifier>{6ce21e20-ab9e-44b1-989f-542ef73904a7}</UniqueIdentifier>
    </Filter>
  </ItemGroup>
  <ItemGroup>
    <Text Include="ReadMe.txt" />
  </ItemGroup>
  <ItemGroup>
    <ClInclude Include="ServicesMetier.h">
      <Filter>Service</Filter>
    </ClInclude>
    <ClInclude Include="Serveur.h">
      <Filter>Model</Filter>
    </ClInclude>
    <ClInclude Include="ServeurDA.h">
      <Filter>DataAccess</Filter>
    </ClInclude>
    <ClInclude Include="stdafx.h">
      <Filter>Utility</Filter>
    </ClInclude>
    <ClInclude Include="targetver.h">
      <Filter>Utility</Filter>
    </ClInclude>
  </ItemGroup>
  <ItemGroup>
    <ClCompile Include="stdafx.cpp">
      <Filter>Utility</Filter>
    </ClCompile>
    <ClCompile Include="MaladIF_Serveur.cpp">
      <Filter>Interface</Filter>
    </ClCompile>
    <ClCompile Include="ServicesMetier.cpp">
      <Filter>Service</Filter>
    </ClCompile>
    <ClCompile Include="Serveur.cpp">
      <Filter>Model</Filter>
    </ClCompile>
    <ClCompile Include="ServeurDA.cpp">
      <Filter>DataAccess</Filter>
    </ClCompile>
  </ItemGroup>
</Project>