<?xml version="1.0" encoding="utf-8"?>
<Project ToolsVersion="4.0" xmlns="http://schemas.microsoft.com/developer/msbuild/2003">
  <ItemGroup>
    <Filter Include="Fichiers de ressources">
      <UniqueIdentifier>{67DA6AB6-F800-4c08-8B7A-83BB121AAD01}</UniqueIdentifier>
      <Extensions>rc;ico;cur;bmp;dlg;rc2;rct;bin;rgs;gif;jpg;jpeg;jpe;resx;tiff;tif;png;wav;mfcribbon-ms</Extensions>
    </Filter>
    <Filter Include="Model">
      <UniqueIdentifier>{fe6aff84-af15-40b5-8161-2dfa251c8b92}</UniqueIdentifier>
    </Filter>
    <Filter Include="Network">
      <UniqueIdentifier>{528c00da-43ce-4015-9984-7c985d94d123}</UniqueIdentifier>
    </Filter>
    <Filter Include="Interface">
      <UniqueIdentifier>{c56364f8-3d48-4e78-9d83-6d3fc269c829}</UniqueIdentifier>
    </Filter>
    <Filter Include="DataAccess">
      <UniqueIdentifier>{10a60a8e-9b74-4f4b-bf80-2b121fe367d1}</UniqueIdentifier>
    </Filter>
    <Filter Include="Persistence">
      <UniqueIdentifier>{b206cb24-064a-4599-866d-62b5277c544c}</UniqueIdentifier>
    </Filter>
    <Filter Include="Services">
      <UniqueIdentifier>{375319b4-43c2-4d13-8f29-698d9d6a64e7}</UniqueIdentifier>
    </Filter>
    <Filter Include="Utility">
      <UniqueIdentifier>{85a4a0bd-d9e1-482e-af5a-ef0b39ba8dba}</UniqueIdentifier>
    </Filter>
  </ItemGroup>
  <ItemGroup>
    <Text Include="..\..\Med%27IF_Serveur\Med%27IF_Serveur\ReadMe.txt" />
    <Text Include="Connexion.txt">
      <Filter>Persistence</Filter>
    </Text>
    <Text Include="..\..\Med%27IF_Serveur\Med%27IF_Serveur\Dictionnaire.txt">
      <Filter>Persistence</Filter>
    </Text>
  </ItemGroup>
  <ItemGroup>
    <ClInclude Include="..\..\Med%27IF_Serveur\Med%27IF_Serveur\targetver.h">
      <Filter>Utility</Filter>
    </ClInclude>
    <ClInclude Include="..\..\Med%27IF_Serveur\Med%27IF_Serveur\stdafx.h">
      <Filter>Utility</Filter>
    </ClInclude>
    <ClInclude Include="..\..\Med%27IF_Serveur\Med%27IF_Serveur\Resource.h">
      <Filter>Utility</Filter>
    </ClInclude>
    <ClInclude Include="..\..\Med%27IF_Serveur\Med%27IF_Serveur\Med%27IF_Serveur.h">
      <Filter>Interface</Filter>
    </ClInclude>
    <ClInclude Include="..\..\Med%27IF_Serveur\Med%27IF_Serveur\Services.h">
      <Filter>Services</Filter>
    </ClInclude>
    <ClInclude Include="..\..\Med%27IF_Serveur\Med%27IF_Serveur\ServeurDA.h">
      <Filter>DataAccess</Filter>
    </ClInclude>
    <ClInclude Include="..\..\Med%27IF_Serveur\Med%27IF_Serveur\Serveur.h">
      <Filter>Model</Filter>
    </ClInclude>
    <ClInclude Include="..\..\Med%27IF_Serveur\Med%27IF_Serveur\ListenerSocket.h">
      <Filter>Network</Filter>
    </ClInclude>
    <ClInclude Include="..\..\Med%27IF_Serveur\Med%27IF_Serveur\ConnectedSocket.h">
      <Filter>Network</Filter>
    </ClInclude>
    <ClInclude Include="..\..\Med%27IF_Serveur\Med%27IF_Serveur\FenetreServeur.h">
      <Filter>Interface</Filter>
    </ClInclude>
  </ItemGroup>
  <ItemGroup>
    <ClCompile Include="..\..\Med%27IF_Serveur\Med%27IF_Serveur\stdafx.cpp">
      <Filter>Utility</Filter>
    </ClCompile>
    <ClCompile Include="..\..\Med%27IF_Serveur\Med%27IF_Serveur\Med%27IF_Serveur.cpp">
      <Filter>Interface</Filter>
    </ClCompile>
    <ClCompile Include="..\..\Med%27IF_Serveur\Med%27IF_Serveur\Services.cpp">
      <Filter>Services</Filter>
    </ClCompile>
    <ClCompile Include="..\..\Med%27IF_Serveur\Med%27IF_Serveur\ServeurDA.cpp">
      <Filter>DataAccess</Filter>
    </ClCompile>
    <ClCompile Include="..\..\Med%27IF_Serveur\Med%27IF_Serveur\Serveur.cpp">
      <Filter>Model</Filter>
    </ClCompile>
    <ClCompile Include="..\..\Med%27IF_Serveur\Med%27IF_Serveur\ListenerSocket.cpp">
      <Filter>Network</Filter>
    </ClCompile>
    <ClCompile Include="..\..\Med%27IF_Serveur\Med%27IF_Serveur\ConnectedSocket.cpp">
      <Filter>Network</Filter>
    </ClCompile>
    <ClCompile Include="..\..\Med%27IF_Serveur\Med%27IF_Serveur\FenetreServeur.cpp">
      <Filter>Interface</Filter>
    </ClCompile>
  </ItemGroup>
  <ItemGroup>
    <ResourceCompile Include="..\..\Med%27IF_Serveur\Med%27IF_Serveur\Med%27IF_Serveur.rc">
      <Filter>Fichiers de ressources</Filter>
    </ResourceCompile>
  </ItemGroup>
  <ItemGroup>
    <None Include="..\..\Med%27IF_Serveur\Med%27IF_Serveur\res\MedIF_Serveur.rc2">
      <Filter>Fichiers de ressources</Filter>
    </None>
  </ItemGroup>
  <ItemGroup>
    <Image Include="..\..\Med%27IF_Serveur\Med%27IF_Serveur\res\Med%27IF_Serveur.ico">
      <Filter>Fichiers de ressources</Filter>
    </Image>
  </ItemGroup>
</Project>